// !$*UTF8*$!
{
	archiveVersion = 1;
	classes = {
	};
	objectVersion = 56;
	objects = {

/* Begin PBXBuildFile section */
		DD3AEAFF2B22AEEB00AFAD25 /* AddEmailView.swift in Sources */ = {isa = PBXBuildFile; fileRef = DD3AEAFE2B22AEEB00AFAD25 /* AddEmailView.swift */; };
		DD3AEB062B22F8E600AFAD25 /* IGTextFieldModifier.swift in Sources */ = {isa = PBXBuildFile; fileRef = DD3AEB052B22F8E600AFAD25 /* IGTextFieldModifier.swift */; };
		DD3AEB082B22F9AA00AFAD25 /* CreateUsernameView.swift in Sources */ = {isa = PBXBuildFile; fileRef = DD3AEB072B22F9AA00AFAD25 /* CreateUsernameView.swift */; };
		DD3AEB0A2B22FAE200AFAD25 /* CreatePasswordView.swift in Sources */ = {isa = PBXBuildFile; fileRef = DD3AEB092B22FAE200AFAD25 /* CreatePasswordView.swift */; };
		DD3AEB0C2B22FBFB00AFAD25 /* CompleteSignUpView.swift in Sources */ = {isa = PBXBuildFile; fileRef = DD3AEB0B2B22FBFB00AFAD25 /* CompleteSignUpView.swift */; };
		DD3AEB0E2B22FF0100AFAD25 /* User.swift in Sources */ = {isa = PBXBuildFile; fileRef = DD3AEB0D2B22FF0100AFAD25 /* User.swift */; };
		DD3AEB102B2301EF00AFAD25 /* SearchView.swift in Sources */ = {isa = PBXBuildFile; fileRef = DD3AEB0F2B2301EF00AFAD25 /* SearchView.swift */; };
		DD3AEB122B230A7E00AFAD25 /* CurrentUserProfileView.swift in Sources */ = {isa = PBXBuildFile; fileRef = DD3AEB112B230A7E00AFAD25 /* CurrentUserProfileView.swift */; };
		DD3C990B2B469E4A00CECE2C /* RegistrationViewModel.swift in Sources */ = {isa = PBXBuildFile; fileRef = DD3C990A2B469E4A00CECE2C /* RegistrationViewModel.swift */; };
		DD3C990D2B46A35000CECE2C /* EnvironmentContainer.swift in Sources */ = {isa = PBXBuildFile; fileRef = DD3C990C2B46A35000CECE2C /* EnvironmentContainer.swift */; };
		DD3C99162B46B14700CECE2C /* LoginViewModel.swift in Sources */ = {isa = PBXBuildFile; fileRef = DD3C99152B46B14700CECE2C /* LoginViewModel.swift */; };
		DD4506C12B26A6D000EA7313 /* Post.swift in Sources */ = {isa = PBXBuildFile; fileRef = DD4506C02B26A6D000EA7313 /* Post.swift */; };
		DD4506C32B26B6F700EA7313 /* PostGridView.swift in Sources */ = {isa = PBXBuildFile; fileRef = DD4506C22B26B6F700EA7313 /* PostGridView.swift */; };
		DD4506C52B26B93100EA7313 /* ProfileHeaderView.swift in Sources */ = {isa = PBXBuildFile; fileRef = DD4506C42B26B93100EA7313 /* ProfileHeaderView.swift */; };
		DD4506C72B26E81E00EA7313 /* UploadPostView.swift in Sources */ = {isa = PBXBuildFile; fileRef = DD4506C62B26E81E00EA7313 /* UploadPostView.swift */; };
		DD4506C92B26EE3800EA7313 /* UploadPostViewModel.swift in Sources */ = {isa = PBXBuildFile; fileRef = DD4506C82B26EE3800EA7313 /* UploadPostViewModel.swift */; };
		DD56DE852B21724100EA8E5F /* Inter-Regular.ttf in Resources */ = {isa = PBXBuildFile; fileRef = DD56DE802B21724100EA8E5F /* Inter-Regular.ttf */; };
		DD56DE862B21724100EA8E5F /* Inter-Medium.ttf in Resources */ = {isa = PBXBuildFile; fileRef = DD56DE812B21724100EA8E5F /* Inter-Medium.ttf */; };
		DD56DE872B21724100EA8E5F /* Inter-Light.ttf in Resources */ = {isa = PBXBuildFile; fileRef = DD56DE822B21724100EA8E5F /* Inter-Light.ttf */; };
		DD56DE882B21724100EA8E5F /* Inter-SemiBold.ttf in Resources */ = {isa = PBXBuildFile; fileRef = DD56DE832B21724100EA8E5F /* Inter-SemiBold.ttf */; };
		DD56DE892B21724100EA8E5F /* Inter-Bold.ttf in Resources */ = {isa = PBXBuildFile; fileRef = DD56DE842B21724100EA8E5F /* Inter-Bold.ttf */; };
		DD56DE8B2B21725400EA8E5F /* Views.swift in Sources */ = {isa = PBXBuildFile; fileRef = DD56DE8A2B21725400EA8E5F /* Views.swift */; };
		DD56DE8D2B21725800EA8E5F /* Color.swift in Sources */ = {isa = PBXBuildFile; fileRef = DD56DE8C2B21725800EA8E5F /* Color.swift */; };
		DD56DE8F2B21725C00EA8E5F /* Font.swift in Sources */ = {isa = PBXBuildFile; fileRef = DD56DE8E2B21725C00EA8E5F /* Font.swift */; };
		DD56DE9C2B2173BF00EA8E5F /* MainTabView.swift in Sources */ = {isa = PBXBuildFile; fileRef = DD56DE9B2B2173BF00EA8E5F /* MainTabView.swift */; };
		DD56DE9E2B21747700EA8E5F /* ProfileView.swift in Sources */ = {isa = PBXBuildFile; fileRef = DD56DE9D2B21747700EA8E5F /* ProfileView.swift */; };
		DD56DEA22B21793F00EA8E5F /* UserStatView.swift in Sources */ = {isa = PBXBuildFile; fileRef = DD56DEA12B21793F00EA8E5F /* UserStatView.swift */; };
		DD56DEA42B219FA600EA8E5F /* FeedView.swift in Sources */ = {isa = PBXBuildFile; fileRef = DD56DEA32B219FA600EA8E5F /* FeedView.swift */; };
		DD56DEA62B219FBF00EA8E5F /* FeedCell.swift in Sources */ = {isa = PBXBuildFile; fileRef = DD56DEA52B219FBF00EA8E5F /* FeedCell.swift */; };
		DD56DEA82B21AE9500EA8E5F /* DarkLightModeView.swift in Sources */ = {isa = PBXBuildFile; fileRef = DD56DEA72B21AE9500EA8E5F /* DarkLightModeView.swift */; };
		DD56DEAA2B21BFC900EA8E5F /* Appcontroller.swift in Sources */ = {isa = PBXBuildFile; fileRef = DD56DEA92B21BFC900EA8E5F /* Appcontroller.swift */; };
		DD56DEAC2B21C44700EA8E5F /* LoginView.swift in Sources */ = {isa = PBXBuildFile; fileRef = DD56DEAB2B21C44700EA8E5F /* LoginView.swift */; };
		DD56DEAF2B21CB1C00EA8E5F /* Coordinator.swift in Sources */ = {isa = PBXBuildFile; fileRef = DD56DEAE2B21CB1C00EA8E5F /* Coordinator.swift */; };
		DD5E232E2B47A6A2001650CD /* UserService.swift in Sources */ = {isa = PBXBuildFile; fileRef = DD5E232D2B47A6A2001650CD /* UserService.swift */; };
		DD5E23322B47A75B001650CD /* SearchViewModel.swift in Sources */ = {isa = PBXBuildFile; fileRef = DD5E23312B47A75B001650CD /* SearchViewModel.swift */; };
		DD5E23342B47E52A001650CD /* EditProfileView.swift in Sources */ = {isa = PBXBuildFile; fileRef = DD5E23332B47E52A001650CD /* EditProfileView.swift */; };
		DD5E23382B47EA45001650CD /* EditProfileViewModel.swift in Sources */ = {isa = PBXBuildFile; fileRef = DD5E23372B47EA45001650CD /* EditProfileViewModel.swift */; };
		DD5E233A2B47F2BB001650CD /* ImageUploader.swift in Sources */ = {isa = PBXBuildFile; fileRef = DD5E23392B47F2BB001650CD /* ImageUploader.swift */; };
		DD5E233D2B47F98B001650CD /* Kingfisher in Frameworks */ = {isa = PBXBuildFile; productRef = DD5E233C2B47F98B001650CD /* Kingfisher */; };
		DD5E233F2B47FC2F001650CD /* CircularProfileImageView.swift in Sources */ = {isa = PBXBuildFile; fileRef = DD5E233E2B47FC2F001650CD /* CircularProfileImageView.swift */; };
		DDB670722B4B88460010C5AD /* PostService.swift in Sources */ = {isa = PBXBuildFile; fileRef = DDB670712B4B88460010C5AD /* PostService.swift */; };
		DDB670762B4B8CA30010C5AD /* PostGridViewModel.swift in Sources */ = {isa = PBXBuildFile; fileRef = DDB670752B4B8CA30010C5AD /* PostGridViewModel.swift */; };
		DDB670792B4B90D10010C5AD /* Toast.swift in Sources */ = {isa = PBXBuildFile; fileRef = DDB670782B4B90D10010C5AD /* Toast.swift */; };
		DDB6707B2B4B94B30010C5AD /* LoadingView.swift in Sources */ = {isa = PBXBuildFile; fileRef = DDB6707A2B4B94B30010C5AD /* LoadingView.swift */; };
		DDB6707D2B4B959D0010C5AD /* Shimmer.swift in Sources */ = {isa = PBXBuildFile; fileRef = DDB6707C2B4B959D0010C5AD /* Shimmer.swift */; };
		DDB6707F2B4B9DA70010C5AD /* Alerter.swift in Sources */ = {isa = PBXBuildFile; fileRef = DDB6707E2B4B9DA70010C5AD /* Alerter.swift */; };
		DDB670812B4BD90D0010C5AD /* Date.swift in Sources */ = {isa = PBXBuildFile; fileRef = DDB670802B4BD90D0010C5AD /* Date.swift */; };
		DDC2DE742B4E28A900F64F6B /* FeedService.swift in Sources */ = {isa = PBXBuildFile; fileRef = DDC2DE732B4E28A900F64F6B /* FeedService.swift */; };
		DDC2DE762B4E2E3600F64F6B /* FeedCellViewModel.swift in Sources */ = {isa = PBXBuildFile; fileRef = DDC2DE752B4E2E3600F64F6B /* FeedCellViewModel.swift */; };
		DDC2DE782B4E3A9100F64F6B /* StoryView.swift in Sources */ = {isa = PBXBuildFile; fileRef = DDC2DE772B4E3A9100F64F6B /* StoryView.swift */; };
		DDC2DE822B4E459100F64F6B /* PostImage.swift in Sources */ = {isa = PBXBuildFile; fileRef = DDC2DE812B4E459100F64F6B /* PostImage.swift */; };
		DDC2DE862B4E550A00F64F6B /* PostComment.swift in Sources */ = {isa = PBXBuildFile; fileRef = DDC2DE852B4E550A00F64F6B /* PostComment.swift */; };
		DDC49E7D2B48ED5E0049D79B /* FeedViewModel.swift in Sources */ = {isa = PBXBuildFile; fileRef = DDC49E7C2B48ED5E0049D79B /* FeedViewModel.swift */; };
		DDD1E1E92B27EF290047F456 /* GoogleService-Info.plist in Resources */ = {isa = PBXBuildFile; fileRef = DDD1E1E82B27EF290047F456 /* GoogleService-Info.plist */; };
		DDD1E1EC2B27EFA00047F456 /* FirebaseAnalytics in Frameworks */ = {isa = PBXBuildFile; productRef = DDD1E1EB2B27EFA00047F456 /* FirebaseAnalytics */; };
		DDD1E1EE2B27EFA00047F456 /* FirebaseAnalyticsOnDeviceConversion in Frameworks */ = {isa = PBXBuildFile; productRef = DDD1E1ED2B27EFA00047F456 /* FirebaseAnalyticsOnDeviceConversion */; };
		DDD1E1F02B27EFA00047F456 /* FirebaseAnalyticsSwift in Frameworks */ = {isa = PBXBuildFile; productRef = DDD1E1EF2B27EFA00047F456 /* FirebaseAnalyticsSwift */; };
		DDD1E1F22B27EFA00047F456 /* FirebaseAnalyticsWithoutAdIdSupport in Frameworks */ = {isa = PBXBuildFile; productRef = DDD1E1F12B27EFA00047F456 /* FirebaseAnalyticsWithoutAdIdSupport */; };
		DDD1E1F42B27EFA00047F456 /* FirebaseAppCheck in Frameworks */ = {isa = PBXBuildFile; productRef = DDD1E1F32B27EFA00047F456 /* FirebaseAppCheck */; };
		DDD1E1F62B27EFA00047F456 /* FirebaseAppDistribution-Beta in Frameworks */ = {isa = PBXBuildFile; productRef = DDD1E1F52B27EFA00047F456 /* FirebaseAppDistribution-Beta */; };
		DDD1E1F82B27EFA00047F456 /* FirebaseAuth in Frameworks */ = {isa = PBXBuildFile; productRef = DDD1E1F72B27EFA00047F456 /* FirebaseAuth */; };
		DDD1E1FA2B27EFA00047F456 /* FirebaseAuthCombine-Community in Frameworks */ = {isa = PBXBuildFile; productRef = DDD1E1F92B27EFA00047F456 /* FirebaseAuthCombine-Community */; };
		DDD1E1FC2B27EFA00047F456 /* FirebaseCrashlytics in Frameworks */ = {isa = PBXBuildFile; productRef = DDD1E1FB2B27EFA00047F456 /* FirebaseCrashlytics */; };
		DDD1E1FE2B27EFA00047F456 /* FirebaseDatabase in Frameworks */ = {isa = PBXBuildFile; productRef = DDD1E1FD2B27EFA00047F456 /* FirebaseDatabase */; };
		DDD1E2002B27EFA00047F456 /* FirebaseDatabaseSwift in Frameworks */ = {isa = PBXBuildFile; productRef = DDD1E1FF2B27EFA00047F456 /* FirebaseDatabaseSwift */; };
		DDD1E2022B27EFA00047F456 /* FirebaseDynamicLinks in Frameworks */ = {isa = PBXBuildFile; productRef = DDD1E2012B27EFA00047F456 /* FirebaseDynamicLinks */; };
		DDD1E2042B27EFA00047F456 /* FirebaseFirestore in Frameworks */ = {isa = PBXBuildFile; productRef = DDD1E2032B27EFA00047F456 /* FirebaseFirestore */; };
		DDD1E2062B27EFA00047F456 /* FirebaseFirestoreCombine-Community in Frameworks */ = {isa = PBXBuildFile; productRef = DDD1E2052B27EFA00047F456 /* FirebaseFirestoreCombine-Community */; };
		DDD1E2082B27EFA00047F456 /* FirebaseFirestoreSwift in Frameworks */ = {isa = PBXBuildFile; productRef = DDD1E2072B27EFA00047F456 /* FirebaseFirestoreSwift */; };
		DDD1E20A2B27EFA00047F456 /* FirebaseFunctions in Frameworks */ = {isa = PBXBuildFile; productRef = DDD1E2092B27EFA00047F456 /* FirebaseFunctions */; };
		DDD1E20C2B27EFA00047F456 /* FirebaseFunctionsCombine-Community in Frameworks */ = {isa = PBXBuildFile; productRef = DDD1E20B2B27EFA00047F456 /* FirebaseFunctionsCombine-Community */; };
		DDD1E20E2B27EFA00047F456 /* FirebaseInAppMessaging-Beta in Frameworks */ = {isa = PBXBuildFile; productRef = DDD1E20D2B27EFA00047F456 /* FirebaseInAppMessaging-Beta */; };
		DDD1E2102B27EFA00047F456 /* FirebaseInAppMessagingSwift-Beta in Frameworks */ = {isa = PBXBuildFile; productRef = DDD1E20F2B27EFA00047F456 /* FirebaseInAppMessagingSwift-Beta */; };
		DDD1E2122B27EFA00047F456 /* FirebaseInstallations in Frameworks */ = {isa = PBXBuildFile; productRef = DDD1E2112B27EFA00047F456 /* FirebaseInstallations */; };
		DDD1E2142B27EFA00047F456 /* FirebaseMLModelDownloader in Frameworks */ = {isa = PBXBuildFile; productRef = DDD1E2132B27EFA00047F456 /* FirebaseMLModelDownloader */; };
		DDD1E2162B27EFA00047F456 /* FirebaseMessaging in Frameworks */ = {isa = PBXBuildFile; productRef = DDD1E2152B27EFA00047F456 /* FirebaseMessaging */; };
		DDD1E2182B27EFA00047F456 /* FirebasePerformance in Frameworks */ = {isa = PBXBuildFile; productRef = DDD1E2172B27EFA00047F456 /* FirebasePerformance */; };
		DDD1E21A2B27EFA00047F456 /* FirebaseRemoteConfig in Frameworks */ = {isa = PBXBuildFile; productRef = DDD1E2192B27EFA00047F456 /* FirebaseRemoteConfig */; };
		DDD1E21C2B27EFA00047F456 /* FirebaseRemoteConfigSwift in Frameworks */ = {isa = PBXBuildFile; productRef = DDD1E21B2B27EFA00047F456 /* FirebaseRemoteConfigSwift */; };
		DDD1E21E2B27EFA00047F456 /* FirebaseStorage in Frameworks */ = {isa = PBXBuildFile; productRef = DDD1E21D2B27EFA00047F456 /* FirebaseStorage */; };
		DDD1E2202B27EFA00047F456 /* FirebaseStorageCombine-Community in Frameworks */ = {isa = PBXBuildFile; productRef = DDD1E21F2B27EFA00047F456 /* FirebaseStorageCombine-Community */; };
		DDD1E2242B27F4A40047F456 /* AuthService.swift in Sources */ = {isa = PBXBuildFile; fileRef = DDD1E2232B27F4A40047F456 /* AuthService.swift */; };
		DDD1E2282B27F7460047F456 /* ContentViewModel.swift in Sources */ = {isa = PBXBuildFile; fileRef = DDD1E2272B27F7460047F456 /* ContentViewModel.swift */; };
		DDE180C62B2074FB00E019CB /* InstagramApp.swift in Sources */ = {isa = PBXBuildFile; fileRef = DDE180C52B2074FB00E019CB /* InstagramApp.swift */; };
		DDE180C82B2074FB00E019CB /* ContentView.swift in Sources */ = {isa = PBXBuildFile; fileRef = DDE180C72B2074FB00E019CB /* ContentView.swift */; };
		DDE180CA2B2074FD00E019CB /* Assets.xcassets in Resources */ = {isa = PBXBuildFile; fileRef = DDE180C92B2074FD00E019CB /* Assets.xcassets */; };
		DDE180CD2B2074FD00E019CB /* Preview Assets.xcassets in Resources */ = {isa = PBXBuildFile; fileRef = DDE180CC2B2074FD00E019CB /* Preview Assets.xcassets */; };
/* End PBXBuildFile section */

/* Begin PBXFileReference section */
		DD3AEAFE2B22AEEB00AFAD25 /* AddEmailView.swift */ = {isa = PBXFileReference; lastKnownFileType = sourcecode.swift; path = AddEmailView.swift; sourceTree = "<group>"; };
		DD3AEB052B22F8E600AFAD25 /* IGTextFieldModifier.swift */ = {isa = PBXFileReference; lastKnownFileType = sourcecode.swift; path = IGTextFieldModifier.swift; sourceTree = "<group>"; };
		DD3AEB072B22F9AA00AFAD25 /* CreateUsernameView.swift */ = {isa = PBXFileReference; lastKnownFileType = sourcecode.swift; path = CreateUsernameView.swift; sourceTree = "<group>"; };
		DD3AEB092B22FAE200AFAD25 /* CreatePasswordView.swift */ = {isa = PBXFileReference; lastKnownFileType = sourcecode.swift; path = CreatePasswordView.swift; sourceTree = "<group>"; };
		DD3AEB0B2B22FBFB00AFAD25 /* CompleteSignUpView.swift */ = {isa = PBXFileReference; lastKnownFileType = sourcecode.swift; path = CompleteSignUpView.swift; sourceTree = "<group>"; };
		DD3AEB0D2B22FF0100AFAD25 /* User.swift */ = {isa = PBXFileReference; lastKnownFileType = sourcecode.swift; path = User.swift; sourceTree = "<group>"; };
		DD3AEB0F2B2301EF00AFAD25 /* SearchView.swift */ = {isa = PBXFileReference; lastKnownFileType = sourcecode.swift; path = SearchView.swift; sourceTree = "<group>"; };
		DD3AEB112B230A7E00AFAD25 /* CurrentUserProfileView.swift */ = {isa = PBXFileReference; lastKnownFileType = sourcecode.swift; path = CurrentUserProfileView.swift; sourceTree = "<group>"; };
		DD3C990A2B469E4A00CECE2C /* RegistrationViewModel.swift */ = {isa = PBXFileReference; lastKnownFileType = sourcecode.swift; path = RegistrationViewModel.swift; sourceTree = "<group>"; };
		DD3C990C2B46A35000CECE2C /* EnvironmentContainer.swift */ = {isa = PBXFileReference; lastKnownFileType = sourcecode.swift; path = EnvironmentContainer.swift; sourceTree = "<group>"; };
		DD3C99152B46B14700CECE2C /* LoginViewModel.swift */ = {isa = PBXFileReference; lastKnownFileType = sourcecode.swift; path = LoginViewModel.swift; sourceTree = "<group>"; };
		DD4506C02B26A6D000EA7313 /* Post.swift */ = {isa = PBXFileReference; lastKnownFileType = sourcecode.swift; path = Post.swift; sourceTree = "<group>"; };
		DD4506C22B26B6F700EA7313 /* PostGridView.swift */ = {isa = PBXFileReference; lastKnownFileType = sourcecode.swift; path = PostGridView.swift; sourceTree = "<group>"; };
		DD4506C42B26B93100EA7313 /* ProfileHeaderView.swift */ = {isa = PBXFileReference; lastKnownFileType = sourcecode.swift; path = ProfileHeaderView.swift; sourceTree = "<group>"; };
		DD4506C62B26E81E00EA7313 /* UploadPostView.swift */ = {isa = PBXFileReference; lastKnownFileType = sourcecode.swift; path = UploadPostView.swift; sourceTree = "<group>"; };
		DD4506C82B26EE3800EA7313 /* UploadPostViewModel.swift */ = {isa = PBXFileReference; lastKnownFileType = sourcecode.swift; path = UploadPostViewModel.swift; sourceTree = "<group>"; };
		DD56DE802B21724100EA8E5F /* Inter-Regular.ttf */ = {isa = PBXFileReference; lastKnownFileType = file; path = "Inter-Regular.ttf"; sourceTree = "<group>"; };
		DD56DE812B21724100EA8E5F /* Inter-Medium.ttf */ = {isa = PBXFileReference; lastKnownFileType = file; path = "Inter-Medium.ttf"; sourceTree = "<group>"; };
		DD56DE822B21724100EA8E5F /* Inter-Light.ttf */ = {isa = PBXFileReference; lastKnownFileType = file; path = "Inter-Light.ttf"; sourceTree = "<group>"; };
		DD56DE832B21724100EA8E5F /* Inter-SemiBold.ttf */ = {isa = PBXFileReference; lastKnownFileType = file; path = "Inter-SemiBold.ttf"; sourceTree = "<group>"; };
		DD56DE842B21724100EA8E5F /* Inter-Bold.ttf */ = {isa = PBXFileReference; lastKnownFileType = file; path = "Inter-Bold.ttf"; sourceTree = "<group>"; };
		DD56DE8A2B21725400EA8E5F /* Views.swift */ = {isa = PBXFileReference; fileEncoding = 4; lastKnownFileType = sourcecode.swift; path = Views.swift; sourceTree = "<group>"; };
		DD56DE8C2B21725800EA8E5F /* Color.swift */ = {isa = PBXFileReference; fileEncoding = 4; lastKnownFileType = sourcecode.swift; path = Color.swift; sourceTree = "<group>"; };
		DD56DE8E2B21725C00EA8E5F /* Font.swift */ = {isa = PBXFileReference; fileEncoding = 4; lastKnownFileType = sourcecode.swift; path = Font.swift; sourceTree = "<group>"; };
		DD56DE9B2B2173BF00EA8E5F /* MainTabView.swift */ = {isa = PBXFileReference; lastKnownFileType = sourcecode.swift; path = MainTabView.swift; sourceTree = "<group>"; };
		DD56DE9D2B21747700EA8E5F /* ProfileView.swift */ = {isa = PBXFileReference; lastKnownFileType = sourcecode.swift; path = ProfileView.swift; sourceTree = "<group>"; };
		DD56DE9F2B21753300EA8E5F /* Info.plist */ = {isa = PBXFileReference; lastKnownFileType = text.plist; path = Info.plist; sourceTree = "<group>"; };
		DD56DEA12B21793F00EA8E5F /* UserStatView.swift */ = {isa = PBXFileReference; lastKnownFileType = sourcecode.swift; path = UserStatView.swift; sourceTree = "<group>"; };
		DD56DEA32B219FA600EA8E5F /* FeedView.swift */ = {isa = PBXFileReference; lastKnownFileType = sourcecode.swift; path = FeedView.swift; sourceTree = "<group>"; };
		DD56DEA52B219FBF00EA8E5F /* FeedCell.swift */ = {isa = PBXFileReference; lastKnownFileType = sourcecode.swift; path = FeedCell.swift; sourceTree = "<group>"; };
		DD56DEA72B21AE9500EA8E5F /* DarkLightModeView.swift */ = {isa = PBXFileReference; fileEncoding = 4; lastKnownFileType = sourcecode.swift; path = DarkLightModeView.swift; sourceTree = "<group>"; };
		DD56DEA92B21BFC900EA8E5F /* Appcontroller.swift */ = {isa = PBXFileReference; lastKnownFileType = sourcecode.swift; path = Appcontroller.swift; sourceTree = "<group>"; };
		DD56DEAB2B21C44700EA8E5F /* LoginView.swift */ = {isa = PBXFileReference; lastKnownFileType = sourcecode.swift; path = LoginView.swift; sourceTree = "<group>"; };
		DD56DEAE2B21CB1C00EA8E5F /* Coordinator.swift */ = {isa = PBXFileReference; fileEncoding = 4; lastKnownFileType = sourcecode.swift; path = Coordinator.swift; sourceTree = "<group>"; };
		DD5E232D2B47A6A2001650CD /* UserService.swift */ = {isa = PBXFileReference; lastKnownFileType = sourcecode.swift; path = UserService.swift; sourceTree = "<group>"; };
		DD5E23312B47A75B001650CD /* SearchViewModel.swift */ = {isa = PBXFileReference; lastKnownFileType = sourcecode.swift; path = SearchViewModel.swift; sourceTree = "<group>"; };
		DD5E23332B47E52A001650CD /* EditProfileView.swift */ = {isa = PBXFileReference; lastKnownFileType = sourcecode.swift; path = EditProfileView.swift; sourceTree = "<group>"; };
		DD5E23372B47EA45001650CD /* EditProfileViewModel.swift */ = {isa = PBXFileReference; lastKnownFileType = sourcecode.swift; path = EditProfileViewModel.swift; sourceTree = "<group>"; };
		DD5E23392B47F2BB001650CD /* ImageUploader.swift */ = {isa = PBXFileReference; lastKnownFileType = sourcecode.swift; path = ImageUploader.swift; sourceTree = "<group>"; };
		DD5E233E2B47FC2F001650CD /* CircularProfileImageView.swift */ = {isa = PBXFileReference; lastKnownFileType = sourcecode.swift; path = CircularProfileImageView.swift; sourceTree = "<group>"; };
		DDB670712B4B88460010C5AD /* PostService.swift */ = {isa = PBXFileReference; lastKnownFileType = sourcecode.swift; path = PostService.swift; sourceTree = "<group>"; };
		DDB670752B4B8CA30010C5AD /* PostGridViewModel.swift */ = {isa = PBXFileReference; lastKnownFileType = sourcecode.swift; path = PostGridViewModel.swift; sourceTree = "<group>"; };
		DDB670782B4B90D10010C5AD /* Toast.swift */ = {isa = PBXFileReference; fileEncoding = 4; lastKnownFileType = sourcecode.swift; path = Toast.swift; sourceTree = "<group>"; };
		DDB6707A2B4B94B30010C5AD /* LoadingView.swift */ = {isa = PBXFileReference; fileEncoding = 4; lastKnownFileType = sourcecode.swift; path = LoadingView.swift; sourceTree = "<group>"; };
		DDB6707C2B4B959D0010C5AD /* Shimmer.swift */ = {isa = PBXFileReference; fileEncoding = 4; lastKnownFileType = sourcecode.swift; path = Shimmer.swift; sourceTree = "<group>"; };
		DDB6707E2B4B9DA70010C5AD /* Alerter.swift */ = {isa = PBXFileReference; fileEncoding = 4; lastKnownFileType = sourcecode.swift; path = Alerter.swift; sourceTree = "<group>"; };
		DDB670802B4BD90D0010C5AD /* Date.swift */ = {isa = PBXFileReference; fileEncoding = 4; lastKnownFileType = sourcecode.swift; path = Date.swift; sourceTree = "<group>"; };
		DDC2DE732B4E28A900F64F6B /* FeedService.swift */ = {isa = PBXFileReference; fileEncoding = 4; lastKnownFileType = sourcecode.swift; path = FeedService.swift; sourceTree = "<group>"; };
		DDC2DE752B4E2E3600F64F6B /* FeedCellViewModel.swift */ = {isa = PBXFileReference; fileEncoding = 4; lastKnownFileType = sourcecode.swift; path = FeedCellViewModel.swift; sourceTree = "<group>"; };
		DDC2DE772B4E3A9100F64F6B /* StoryView.swift */ = {isa = PBXFileReference; lastKnownFileType = sourcecode.swift; path = StoryView.swift; sourceTree = "<group>"; };
		DDC2DE812B4E459100F64F6B /* PostImage.swift */ = {isa = PBXFileReference; lastKnownFileType = sourcecode.swift; path = PostImage.swift; sourceTree = "<group>"; };
		DDC2DE852B4E550A00F64F6B /* PostComment.swift */ = {isa = PBXFileReference; lastKnownFileType = sourcecode.swift; path = PostComment.swift; sourceTree = "<group>"; };
		DDC49E7C2B48ED5E0049D79B /* FeedViewModel.swift */ = {isa = PBXFileReference; lastKnownFileType = sourcecode.swift; path = FeedViewModel.swift; sourceTree = "<group>"; };
		DDD1E1E82B27EF290047F456 /* GoogleService-Info.plist */ = {isa = PBXFileReference; fileEncoding = 4; lastKnownFileType = text.plist.xml; path = "GoogleService-Info.plist"; sourceTree = "<group>"; };
		DDD1E2232B27F4A40047F456 /* AuthService.swift */ = {isa = PBXFileReference; lastKnownFileType = sourcecode.swift; path = AuthService.swift; sourceTree = "<group>"; };
		DDD1E2272B27F7460047F456 /* ContentViewModel.swift */ = {isa = PBXFileReference; lastKnownFileType = sourcecode.swift; path = ContentViewModel.swift; sourceTree = "<group>"; };
		DDE180C22B2074FB00E019CB /* Instagram.app */ = {isa = PBXFileReference; explicitFileType = wrapper.application; includeInIndex = 0; path = Instagram.app; sourceTree = BUILT_PRODUCTS_DIR; };
		DDE180C52B2074FB00E019CB /* InstagramApp.swift */ = {isa = PBXFileReference; lastKnownFileType = sourcecode.swift; path = InstagramApp.swift; sourceTree = "<group>"; };
		DDE180C72B2074FB00E019CB /* ContentView.swift */ = {isa = PBXFileReference; lastKnownFileType = sourcecode.swift; path = ContentView.swift; sourceTree = "<group>"; };
		DDE180C92B2074FD00E019CB /* Assets.xcassets */ = {isa = PBXFileReference; lastKnownFileType = folder.assetcatalog; path = Assets.xcassets; sourceTree = "<group>"; };
		DDE180CC2B2074FD00E019CB /* Preview Assets.xcassets */ = {isa = PBXFileReference; lastKnownFileType = folder.assetcatalog; path = "Preview Assets.xcassets"; sourceTree = "<group>"; };
/* End PBXFileReference section */

/* Begin PBXFrameworksBuildPhase section */
		DDE180BF2B2074FB00E019CB /* Frameworks */ = {
			isa = PBXFrameworksBuildPhase;
			buildActionMask = 2147483647;
			files = (
				DDD1E1FE2B27EFA00047F456 /* FirebaseDatabase in Frameworks */,
				DDD1E20C2B27EFA00047F456 /* FirebaseFunctionsCombine-Community in Frameworks */,
				DDD1E2042B27EFA00047F456 /* FirebaseFirestore in Frameworks */,
				DDD1E1F02B27EFA00047F456 /* FirebaseAnalyticsSwift in Frameworks */,
				DDD1E1EC2B27EFA00047F456 /* FirebaseAnalytics in Frameworks */,
				DDD1E1EE2B27EFA00047F456 /* FirebaseAnalyticsOnDeviceConversion in Frameworks */,
				DDD1E2142B27EFA00047F456 /* FirebaseMLModelDownloader in Frameworks */,
				DDD1E2082B27EFA00047F456 /* FirebaseFirestoreSwift in Frameworks */,
				DDD1E1F42B27EFA00047F456 /* FirebaseAppCheck in Frameworks */,
				DDD1E1F22B27EFA00047F456 /* FirebaseAnalyticsWithoutAdIdSupport in Frameworks */,
				DDD1E1F82B27EFA00047F456 /* FirebaseAuth in Frameworks */,
				DDD1E1FC2B27EFA00047F456 /* FirebaseCrashlytics in Frameworks */,
				DDD1E21C2B27EFA00047F456 /* FirebaseRemoteConfigSwift in Frameworks */,
				DDD1E20E2B27EFA00047F456 /* FirebaseInAppMessaging-Beta in Frameworks */,
				DDD1E2002B27EFA00047F456 /* FirebaseDatabaseSwift in Frameworks */,
				DDD1E20A2B27EFA00047F456 /* FirebaseFunctions in Frameworks */,
				DD5E233D2B47F98B001650CD /* Kingfisher in Frameworks */,
				DDD1E2202B27EFA00047F456 /* FirebaseStorageCombine-Community in Frameworks */,
				DDD1E21A2B27EFA00047F456 /* FirebaseRemoteConfig in Frameworks */,
				DDD1E1F62B27EFA00047F456 /* FirebaseAppDistribution-Beta in Frameworks */,
				DDD1E1FA2B27EFA00047F456 /* FirebaseAuthCombine-Community in Frameworks */,
				DDD1E2182B27EFA00047F456 /* FirebasePerformance in Frameworks */,
				DDD1E2102B27EFA00047F456 /* FirebaseInAppMessagingSwift-Beta in Frameworks */,
				DDD1E21E2B27EFA00047F456 /* FirebaseStorage in Frameworks */,
				DDD1E2022B27EFA00047F456 /* FirebaseDynamicLinks in Frameworks */,
				DDD1E2062B27EFA00047F456 /* FirebaseFirestoreCombine-Community in Frameworks */,
				DDD1E2162B27EFA00047F456 /* FirebaseMessaging in Frameworks */,
				DDD1E2122B27EFA00047F456 /* FirebaseInstallations in Frameworks */,
			);
			runOnlyForDeploymentPostprocessing = 0;
		};
/* End PBXFrameworksBuildPhase section */

/* Begin PBXGroup section */
		DD3C99092B469E2B00CECE2C /* ViewModel */ = {
			isa = PBXGroup;
			children = (
				DD3C990A2B469E4A00CECE2C /* RegistrationViewModel.swift */,
				DD3C99152B46B14700CECE2C /* LoginViewModel.swift */,
			);
			path = ViewModel;
			sourceTree = "<group>";
		};
		DD56DE7E2B21722500EA8E5F /* Extensions */ = {
			isa = PBXGroup;
			children = (
				DDB670802B4BD90D0010C5AD /* Date.swift */,
				DD56DE7F2B21722B00EA8E5F /* Font */,
				DD56DE8E2B21725C00EA8E5F /* Font.swift */,
				DD56DE8C2B21725800EA8E5F /* Color.swift */,
				DD56DE8A2B21725400EA8E5F /* Views.swift */,
			);
			path = Extensions;
			sourceTree = "<group>";
		};
		DD56DE7F2B21722B00EA8E5F /* Font */ = {
			isa = PBXGroup;
			children = (
				DD56DE842B21724100EA8E5F /* Inter-Bold.ttf */,
				DD56DE822B21724100EA8E5F /* Inter-Light.ttf */,
				DD56DE812B21724100EA8E5F /* Inter-Medium.ttf */,
				DD56DE802B21724100EA8E5F /* Inter-Regular.ttf */,
				DD56DE832B21724100EA8E5F /* Inter-SemiBold.ttf */,
			);
			path = Font;
			sourceTree = "<group>";
		};
		DD56DE902B2172B300EA8E5F /* Services */ = {
			isa = PBXGroup;
			children = (
				DD5E232D2B47A6A2001650CD /* UserService.swift */,
				DD5E23392B47F2BB001650CD /* ImageUploader.swift */,
				DDB670712B4B88460010C5AD /* PostService.swift */,
			);
			path = Services;
			sourceTree = "<group>";
		};
		DD56DE912B2172BA00EA8E5F /* App */ = {
			isa = PBXGroup;
			children = (
				DDE180C52B2074FB00E019CB /* InstagramApp.swift */,
			);
			path = App;
			sourceTree = "<group>";
		};
		DD56DE922B2172BF00EA8E5F /* Core */ = {
			isa = PBXGroup;
			children = (
				DD56DE942B2172F200EA8E5F /* Authentication */,
				DD56DEA02B21792600EA8E5F /* Components */,
				DD56DE952B2172FD00EA8E5F /* Feed */,
				DDC2DE722B4E28A900F64F6B /* Service */,
				DD56DE962B21730600EA8E5F /* Profile */,
				DD56DE972B21730A00EA8E5F /* Root */,
				DD56DE982B21731100EA8E5F /* Search */,
				DD56DE992B21731800EA8E5F /* TabBar */,
				DD56DE9A2B21732200EA8E5F /* UploadPost */,
			);
			path = Core;
			sourceTree = "<group>";
		};
		DD56DE932B2172C900EA8E5F /* Model */ = {
			isa = PBXGroup;
			children = (
				DD3AEB0D2B22FF0100AFAD25 /* User.swift */,
				DD4506C02B26A6D000EA7313 /* Post.swift */,
			);
			path = Model;
			sourceTree = "<group>";
		};
		DD56DE942B2172F200EA8E5F /* Authentication */ = {
			isa = PBXGroup;
			children = (
				DDD1E2212B27F4680047F456 /* View */,
				DD3C99092B469E2B00CECE2C /* ViewModel */,
				DDD1E2222B27F4840047F456 /* Service */,
			);
			path = Authentication;
			sourceTree = "<group>";
		};
		DD56DE952B2172FD00EA8E5F /* Feed */ = {
			isa = PBXGroup;
			children = (
				DDC49E7A2B48ED380049D79B /* View */,
				DDC49E7B2B48ED3D0049D79B /* ViewModel */,
			);
			path = Feed;
			sourceTree = "<group>";
		};
		DD56DE962B21730600EA8E5F /* Profile */ = {
			isa = PBXGroup;
			children = (
				DD5E23352B47EA1E001650CD /* View */,
				DD5E23362B47EA22001650CD /* ViewModel */,
			);
			path = Profile;
			sourceTree = "<group>";
		};
		DD56DE972B21730A00EA8E5F /* Root */ = {
			isa = PBXGroup;
			children = (
				DDD1E2252B27F6D30047F456 /* View */,
				DDD1E2262B27F6DE0047F456 /* ViewModel */,
			);
			path = Root;
			sourceTree = "<group>";
		};
		DD56DE982B21731100EA8E5F /* Search */ = {
			isa = PBXGroup;
			children = (
				DD5E232F2B47A736001650CD /* View */,
				DD5E23302B47A742001650CD /* ViewModel */,
			);
			path = Search;
			sourceTree = "<group>";
		};
		DD56DE992B21731800EA8E5F /* TabBar */ = {
			isa = PBXGroup;
			children = (
				DD56DE9B2B2173BF00EA8E5F /* MainTabView.swift */,
			);
			path = TabBar;
			sourceTree = "<group>";
		};
		DD56DE9A2B21732200EA8E5F /* UploadPost */ = {
			isa = PBXGroup;
			children = (
				DDC49E782B48E3C00049D79B /* View */,
				DDC49E792B48E3C60049D79B /* ViewModel */,
			);
			path = UploadPost;
			sourceTree = "<group>";
		};
		DD56DEA02B21792600EA8E5F /* Components */ = {
			isa = PBXGroup;
			children = (
				DDB670742B4B8C7A0010C5AD /* View */,
				DDB670732B4B8C6B0010C5AD /* ViewModel */,
			);
			path = Components;
			sourceTree = "<group>";
		};
		DD56DEAD2B21CB0000EA8E5F /* Utilities */ = {
			isa = PBXGroup;
			children = (
				DDB6707E2B4B9DA70010C5AD /* Alerter.swift */,
				DD56DEAE2B21CB1C00EA8E5F /* Coordinator.swift */,
				DD56DEA92B21BFC900EA8E5F /* Appcontroller.swift */,
				DD3C990C2B46A35000CECE2C /* EnvironmentContainer.swift */,
			);
			path = Utilities;
			sourceTree = "<group>";
		};
		DD5E232F2B47A736001650CD /* View */ = {
			isa = PBXGroup;
			children = (
				DD3AEB0F2B2301EF00AFAD25 /* SearchView.swift */,
			);
			path = View;
			sourceTree = "<group>";
		};
		DD5E23302B47A742001650CD /* ViewModel */ = {
			isa = PBXGroup;
			children = (
				DD5E23312B47A75B001650CD /* SearchViewModel.swift */,
			);
			path = ViewModel;
			sourceTree = "<group>";
		};
		DD5E23352B47EA1E001650CD /* View */ = {
			isa = PBXGroup;
			children = (
				DD56DEA72B21AE9500EA8E5F /* DarkLightModeView.swift */,
				DD56DE9D2B21747700EA8E5F /* ProfileView.swift */,
				DD3AEB112B230A7E00AFAD25 /* CurrentUserProfileView.swift */,
				DD4506C42B26B93100EA7313 /* ProfileHeaderView.swift */,
				DD5E23332B47E52A001650CD /* EditProfileView.swift */,
			);
			path = View;
			sourceTree = "<group>";
		};
		DD5E23362B47EA22001650CD /* ViewModel */ = {
			isa = PBXGroup;
			children = (
				DD5E23372B47EA45001650CD /* EditProfileViewModel.swift */,
			);
			path = ViewModel;
			sourceTree = "<group>";
		};
		DDB670732B4B8C6B0010C5AD /* ViewModel */ = {
			isa = PBXGroup;
			children = (
				DDB670752B4B8CA30010C5AD /* PostGridViewModel.swift */,
			);
			path = ViewModel;
			sourceTree = "<group>";
		};
		DDB670742B4B8C7A0010C5AD /* View */ = {
			isa = PBXGroup;
			children = (
				DDB6707C2B4B959D0010C5AD /* Shimmer.swift */,
				DDB6707A2B4B94B30010C5AD /* LoadingView.swift */,
				DD56DEA12B21793F00EA8E5F /* UserStatView.swift */,
				DD3AEB052B22F8E600AFAD25 /* IGTextFieldModifier.swift */,
				DD4506C22B26B6F700EA7313 /* PostGridView.swift */,
				DD5E233E2B47FC2F001650CD /* CircularProfileImageView.swift */,
			);
			path = View;
			sourceTree = "<group>";
		};
		DDB670772B4B90B90010C5AD /* Helpers */ = {
			isa = PBXGroup;
			children = (
				DDB670782B4B90D10010C5AD /* Toast.swift */,
			);
			path = Helpers;
			sourceTree = "<group>";
		};
		DDC2DE722B4E28A900F64F6B /* Service */ = {
			isa = PBXGroup;
			children = (
				DDC2DE732B4E28A900F64F6B /* FeedService.swift */,
			);
			path = Service;
			sourceTree = "<group>";
		};
		DDC49E782B48E3C00049D79B /* View */ = {
			isa = PBXGroup;
			children = (
				DD4506C62B26E81E00EA7313 /* UploadPostView.swift */,
			);
			path = View;
			sourceTree = "<group>";
		};
		DDC49E792B48E3C60049D79B /* ViewModel */ = {
			isa = PBXGroup;
			children = (
				DD4506C82B26EE3800EA7313 /* UploadPostViewModel.swift */,
			);
			path = ViewModel;
			sourceTree = "<group>";
		};
		DDC49E7A2B48ED380049D79B /* View */ = {
			isa = PBXGroup;
			children = (
				DD56DEA32B219FA600EA8E5F /* FeedView.swift */,
				DD56DEA52B219FBF00EA8E5F /* FeedCell.swift */,
				DDC2DE772B4E3A9100F64F6B /* StoryView.swift */,
				DDC2DE812B4E459100F64F6B /* PostImage.swift */,
				DDC2DE852B4E550A00F64F6B /* PostComment.swift */,
			);
			path = View;
			sourceTree = "<group>";
		};
		DDC49E7B2B48ED3D0049D79B /* ViewModel */ = {
			isa = PBXGroup;
			children = (
				DDC2DE752B4E2E3600F64F6B /* FeedCellViewModel.swift */,
				DDC49E7C2B48ED5E0049D79B /* FeedViewModel.swift */,
			);
			path = ViewModel;
			sourceTree = "<group>";
		};
		DDD1E2212B27F4680047F456 /* View */ = {
			isa = PBXGroup;
			children = (
				DD56DEAB2B21C44700EA8E5F /* LoginView.swift */,
				DD3AEAFE2B22AEEB00AFAD25 /* AddEmailView.swift */,
				DD3AEB072B22F9AA00AFAD25 /* CreateUsernameView.swift */,
				DD3AEB092B22FAE200AFAD25 /* CreatePasswordView.swift */,
				DD3AEB0B2B22FBFB00AFAD25 /* CompleteSignUpView.swift */,
			);
			path = View;
			sourceTree = "<group>";
		};
		DDD1E2222B27F4840047F456 /* Service */ = {
			isa = PBXGroup;
			children = (
				DDD1E2232B27F4A40047F456 /* AuthService.swift */,
			);
			path = Service;
			sourceTree = "<group>";
		};
		DDD1E2252B27F6D30047F456 /* View */ = {
			isa = PBXGroup;
			children = (
				DDE180C72B2074FB00E019CB /* ContentView.swift */,
			);
			path = View;
			sourceTree = "<group>";
		};
		DDD1E2262B27F6DE0047F456 /* ViewModel */ = {
			isa = PBXGroup;
			children = (
				DDD1E2272B27F7460047F456 /* ContentViewModel.swift */,
			);
			path = ViewModel;
			sourceTree = "<group>";
		};
		DDE180B92B2074FB00E019CB = {
			isa = PBXGroup;
			children = (
				DDE180C42B2074FB00E019CB /* Instagram */,
				DDE180C32B2074FB00E019CB /* Products */,
			);
			sourceTree = "<group>";
		};
		DDE180C32B2074FB00E019CB /* Products */ = {
			isa = PBXGroup;
			children = (
				DDE180C22B2074FB00E019CB /* Instagram.app */,
			);
			name = Products;
			sourceTree = "<group>";
		};
		DDE180C42B2074FB00E019CB /* Instagram */ = {
			isa = PBXGroup;
			children = (
				DD56DE9F2B21753300EA8E5F /* Info.plist */,
				DD56DE912B2172BA00EA8E5F /* App */,
				DD56DE922B2172BF00EA8E5F /* Core */,
				DD56DE7E2B21722500EA8E5F /* Extensions */,
				DD56DE932B2172C900EA8E5F /* Model */,
				DD56DE902B2172B300EA8E5F /* Services */,
				DD56DEAD2B21CB0000EA8E5F /* Utilities */,
				DDB670772B4B90B90010C5AD /* Helpers */,
				DDD1E1E82B27EF290047F456 /* GoogleService-Info.plist */,
				DDE180C92B2074FD00E019CB /* Assets.xcassets */,
				DDE180CB2B2074FD00E019CB /* Preview Content */,
			);
			path = Instagram;
			sourceTree = "<group>";
		};
		DDE180CB2B2074FD00E019CB /* Preview Content */ = {
			isa = PBXGroup;
			children = (
				DDE180CC2B2074FD00E019CB /* Preview Assets.xcassets */,
			);
			path = "Preview Content";
			sourceTree = "<group>";
		};
/* End PBXGroup section */

/* Begin PBXNativeTarget section */
		DDE180C12B2074FB00E019CB /* Instagram */ = {
			isa = PBXNativeTarget;
			buildConfigurationList = DDE180D02B2074FD00E019CB /* Build configuration list for PBXNativeTarget "Instagram" */;
			buildPhases = (
				DDE180BE2B2074FB00E019CB /* Sources */,
				DDE180BF2B2074FB00E019CB /* Frameworks */,
				DDE180C02B2074FB00E019CB /* Resources */,
			);
			buildRules = (
			);
			dependencies = (
			);
			name = Instagram;
			packageProductDependencies = (
				DDD1E1EB2B27EFA00047F456 /* FirebaseAnalytics */,
				DDD1E1ED2B27EFA00047F456 /* FirebaseAnalyticsOnDeviceConversion */,
				DDD1E1EF2B27EFA00047F456 /* FirebaseAnalyticsSwift */,
				DDD1E1F12B27EFA00047F456 /* FirebaseAnalyticsWithoutAdIdSupport */,
				DDD1E1F32B27EFA00047F456 /* FirebaseAppCheck */,
				DDD1E1F52B27EFA00047F456 /* FirebaseAppDistribution-Beta */,
				DDD1E1F72B27EFA00047F456 /* FirebaseAuth */,
				DDD1E1F92B27EFA00047F456 /* FirebaseAuthCombine-Community */,
				DDD1E1FB2B27EFA00047F456 /* FirebaseCrashlytics */,
				DDD1E1FD2B27EFA00047F456 /* FirebaseDatabase */,
				DDD1E1FF2B27EFA00047F456 /* FirebaseDatabaseSwift */,
				DDD1E2012B27EFA00047F456 /* FirebaseDynamicLinks */,
				DDD1E2032B27EFA00047F456 /* FirebaseFirestore */,
				DDD1E2052B27EFA00047F456 /* FirebaseFirestoreCombine-Community */,
				DDD1E2072B27EFA00047F456 /* FirebaseFirestoreSwift */,
				DDD1E2092B27EFA00047F456 /* FirebaseFunctions */,
				DDD1E20B2B27EFA00047F456 /* FirebaseFunctionsCombine-Community */,
				DDD1E20D2B27EFA00047F456 /* FirebaseInAppMessaging-Beta */,
				DDD1E20F2B27EFA00047F456 /* FirebaseInAppMessagingSwift-Beta */,
				DDD1E2112B27EFA00047F456 /* FirebaseInstallations */,
				DDD1E2132B27EFA00047F456 /* FirebaseMLModelDownloader */,
				DDD1E2152B27EFA00047F456 /* FirebaseMessaging */,
				DDD1E2172B27EFA00047F456 /* FirebasePerformance */,
				DDD1E2192B27EFA00047F456 /* FirebaseRemoteConfig */,
				DDD1E21B2B27EFA00047F456 /* FirebaseRemoteConfigSwift */,
				DDD1E21D2B27EFA00047F456 /* FirebaseStorage */,
				DDD1E21F2B27EFA00047F456 /* FirebaseStorageCombine-Community */,
				DD5E233C2B47F98B001650CD /* Kingfisher */,
			);
			productName = Instagram;
			productReference = DDE180C22B2074FB00E019CB /* Instagram.app */;
			productType = "com.apple.product-type.application";
		};
/* End PBXNativeTarget section */

/* Begin PBXProject section */
		DDE180BA2B2074FB00E019CB /* Project object */ = {
			isa = PBXProject;
			attributes = {
				BuildIndependentTargetsInParallel = 1;
				LastSwiftUpdateCheck = 1500;
				LastUpgradeCheck = 1500;
				TargetAttributes = {
					DDE180C12B2074FB00E019CB = {
						CreatedOnToolsVersion = 15.0.1;
					};
				};
			};
			buildConfigurationList = DDE180BD2B2074FB00E019CB /* Build configuration list for PBXProject "Instagram" */;
			compatibilityVersion = "Xcode 14.0";
			developmentRegion = en;
			hasScannedForEncodings = 0;
			knownRegions = (
				en,
				Base,
			);
			mainGroup = DDE180B92B2074FB00E019CB;
			packageReferences = (
				DDD1E1EA2B27EFA00047F456 /* XCRemoteSwiftPackageReference "firebase-ios-sdk" */,
				DD5E233B2B47F98B001650CD /* XCRemoteSwiftPackageReference "Kingfisher" */,
			);
			productRefGroup = DDE180C32B2074FB00E019CB /* Products */;
			projectDirPath = "";
			projectRoot = "";
			targets = (
				DDE180C12B2074FB00E019CB /* Instagram */,
			);
		};
/* End PBXProject section */

/* Begin PBXResourcesBuildPhase section */
		DDE180C02B2074FB00E019CB /* Resources */ = {
			isa = PBXResourcesBuildPhase;
			buildActionMask = 2147483647;
			files = (
				DD56DE882B21724100EA8E5F /* Inter-SemiBold.ttf in Resources */,
				DDD1E1E92B27EF290047F456 /* GoogleService-Info.plist in Resources */,
				DD56DE872B21724100EA8E5F /* Inter-Light.ttf in Resources */,
				DD56DE862B21724100EA8E5F /* Inter-Medium.ttf in Resources */,
				DD56DE892B21724100EA8E5F /* Inter-Bold.ttf in Resources */,
				DDE180CD2B2074FD00E019CB /* Preview Assets.xcassets in Resources */,
				DD56DE852B21724100EA8E5F /* Inter-Regular.ttf in Resources */,
				DDE180CA2B2074FD00E019CB /* Assets.xcassets in Resources */,
			);
			runOnlyForDeploymentPostprocessing = 0;
		};
/* End PBXResourcesBuildPhase section */

/* Begin PBXSourcesBuildPhase section */
		DDE180BE2B2074FB00E019CB /* Sources */ = {
			isa = PBXSourcesBuildPhase;
			buildActionMask = 2147483647;
			files = (
				DD5E23342B47E52A001650CD /* EditProfileView.swift in Sources */,
				DDE180C82B2074FB00E019CB /* ContentView.swift in Sources */,
				DDC2DE862B4E550A00F64F6B /* PostComment.swift in Sources */,
				DDC2DE762B4E2E3600F64F6B /* FeedCellViewModel.swift in Sources */,
				DDC2DE742B4E28A900F64F6B /* FeedService.swift in Sources */,
				DD4506C92B26EE3800EA7313 /* UploadPostViewModel.swift in Sources */,
				DD56DEA62B219FBF00EA8E5F /* FeedCell.swift in Sources */,
				DD56DEA42B219FA600EA8E5F /* FeedView.swift in Sources */,
				DD3AEB0A2B22FAE200AFAD25 /* CreatePasswordView.swift in Sources */,
				DD56DEAA2B21BFC900EA8E5F /* Appcontroller.swift in Sources */,
				DD56DE8D2B21725800EA8E5F /* Color.swift in Sources */,
				DD56DE8F2B21725C00EA8E5F /* Font.swift in Sources */,
				DD4506C72B26E81E00EA7313 /* UploadPostView.swift in Sources */,
				DD3C990D2B46A35000CECE2C /* EnvironmentContainer.swift in Sources */,
				DDB670762B4B8CA30010C5AD /* PostGridViewModel.swift in Sources */,
				DD3AEB0C2B22FBFB00AFAD25 /* CompleteSignUpView.swift in Sources */,
				DDB670792B4B90D10010C5AD /* Toast.swift in Sources */,
				DD3AEB0E2B22FF0100AFAD25 /* User.swift in Sources */,
				DD56DEAF2B21CB1C00EA8E5F /* Coordinator.swift in Sources */,
				DD3AEB102B2301EF00AFAD25 /* SearchView.swift in Sources */,
				DD5E233F2B47FC2F001650CD /* CircularProfileImageView.swift in Sources */,
				DD5E23322B47A75B001650CD /* SearchViewModel.swift in Sources */,
				DDB6707B2B4B94B30010C5AD /* LoadingView.swift in Sources */,
				DD3AEB122B230A7E00AFAD25 /* CurrentUserProfileView.swift in Sources */,
				DDB6707D2B4B959D0010C5AD /* Shimmer.swift in Sources */,
				DD4506C52B26B93100EA7313 /* ProfileHeaderView.swift in Sources */,
				DDB670812B4BD90D0010C5AD /* Date.swift in Sources */,
				DD4506C12B26A6D000EA7313 /* Post.swift in Sources */,
				DD5E232E2B47A6A2001650CD /* UserService.swift in Sources */,
				DD56DEA22B21793F00EA8E5F /* UserStatView.swift in Sources */,
				DDB6707F2B4B9DA70010C5AD /* Alerter.swift in Sources */,
				DD3AEAFF2B22AEEB00AFAD25 /* AddEmailView.swift in Sources */,
				DDE180C62B2074FB00E019CB /* InstagramApp.swift in Sources */,
				DD3C99162B46B14700CECE2C /* LoginViewModel.swift in Sources */,
				DD5E23382B47EA45001650CD /* EditProfileViewModel.swift in Sources */,
				DD3AEB082B22F9AA00AFAD25 /* CreateUsernameView.swift in Sources */,
				DD56DE8B2B21725400EA8E5F /* Views.swift in Sources */,
				DD56DE9E2B21747700EA8E5F /* ProfileView.swift in Sources */,
				DDC2DE822B4E459100F64F6B /* PostImage.swift in Sources */,
				DD3AEB062B22F8E600AFAD25 /* IGTextFieldModifier.swift in Sources */,
				DD4506C32B26B6F700EA7313 /* PostGridView.swift in Sources */,
				DD56DEAC2B21C44700EA8E5F /* LoginView.swift in Sources */,
				DD3C990B2B469E4A00CECE2C /* RegistrationViewModel.swift in Sources */,
				DD56DEA82B21AE9500EA8E5F /* DarkLightModeView.swift in Sources */,
				DD56DE9C2B2173BF00EA8E5F /* MainTabView.swift in Sources */,
				DDB670722B4B88460010C5AD /* PostService.swift in Sources */,
				DD5E233A2B47F2BB001650CD /* ImageUploader.swift in Sources */,
				DDC2DE782B4E3A9100F64F6B /* StoryView.swift in Sources */,
				DDD1E2282B27F7460047F456 /* ContentViewModel.swift in Sources */,
				DDD1E2242B27F4A40047F456 /* AuthService.swift in Sources */,
				DDC49E7D2B48ED5E0049D79B /* FeedViewModel.swift in Sources */,
			);
			runOnlyForDeploymentPostprocessing = 0;
		};
/* End PBXSourcesBuildPhase section */

/* Begin XCBuildConfiguration section */
		DDE180CE2B2074FD00E019CB /* Debug */ = {
			isa = XCBuildConfiguration;
			buildSettings = {
				ALWAYS_SEARCH_USER_PATHS = NO;
				ASSETCATALOG_COMPILER_GENERATE_SWIFT_ASSET_SYMBOL_EXTENSIONS = YES;
				CLANG_ANALYZER_NONNULL = YES;
				CLANG_ANALYZER_NUMBER_OBJECT_CONVERSION = YES_AGGRESSIVE;
				CLANG_CXX_LANGUAGE_STANDARD = "gnu++20";
				CLANG_ENABLE_MODULES = YES;
				CLANG_ENABLE_OBJC_ARC = YES;
				CLANG_ENABLE_OBJC_WEAK = YES;
				CLANG_WARN_BLOCK_CAPTURE_AUTORELEASING = YES;
				CLANG_WARN_BOOL_CONVERSION = YES;
				CLANG_WARN_COMMA = YES;
				CLANG_WARN_CONSTANT_CONVERSION = YES;
				CLANG_WARN_DEPRECATED_OBJC_IMPLEMENTATIONS = YES;
				CLANG_WARN_DIRECT_OBJC_ISA_USAGE = YES_ERROR;
				CLANG_WARN_DOCUMENTATION_COMMENTS = YES;
				CLANG_WARN_EMPTY_BODY = YES;
				CLANG_WARN_ENUM_CONVERSION = YES;
				CLANG_WARN_INFINITE_RECURSION = YES;
				CLANG_WARN_INT_CONVERSION = YES;
				CLANG_WARN_NON_LITERAL_NULL_CONVERSION = YES;
				CLANG_WARN_OBJC_IMPLICIT_RETAIN_SELF = YES;
				CLANG_WARN_OBJC_LITERAL_CONVERSION = YES;
				CLANG_WARN_OBJC_ROOT_CLASS = YES_ERROR;
				CLANG_WARN_QUOTED_INCLUDE_IN_FRAMEWORK_HEADER = YES;
				CLANG_WARN_RANGE_LOOP_ANALYSIS = YES;
				CLANG_WARN_STRICT_PROTOTYPES = YES;
				CLANG_WARN_SUSPICIOUS_MOVE = YES;
				CLANG_WARN_UNGUARDED_AVAILABILITY = YES_AGGRESSIVE;
				CLANG_WARN_UNREACHABLE_CODE = YES;
				CLANG_WARN__DUPLICATE_METHOD_MATCH = YES;
				COPY_PHASE_STRIP = NO;
				DEBUG_INFORMATION_FORMAT = dwarf;
				ENABLE_STRICT_OBJC_MSGSEND = YES;
				ENABLE_TESTABILITY = YES;
				ENABLE_USER_SCRIPT_SANDBOXING = YES;
				GCC_C_LANGUAGE_STANDARD = gnu17;
				GCC_DYNAMIC_NO_PIC = NO;
				GCC_NO_COMMON_BLOCKS = YES;
				GCC_OPTIMIZATION_LEVEL = 0;
				GCC_PREPROCESSOR_DEFINITIONS = (
					"DEBUG=1",
					"$(inherited)",
				);
				GCC_WARN_64_TO_32_BIT_CONVERSION = YES;
				GCC_WARN_ABOUT_RETURN_TYPE = YES_ERROR;
				GCC_WARN_UNDECLARED_SELECTOR = YES;
				GCC_WARN_UNINITIALIZED_AUTOS = YES_AGGRESSIVE;
				GCC_WARN_UNUSED_FUNCTION = YES;
				GCC_WARN_UNUSED_VARIABLE = YES;
				IPHONEOS_DEPLOYMENT_TARGET = 17.0;
				LOCALIZATION_PREFERS_STRING_CATALOGS = YES;
				MTL_ENABLE_DEBUG_INFO = INCLUDE_SOURCE;
				MTL_FAST_MATH = YES;
				ONLY_ACTIVE_ARCH = YES;
				SDKROOT = iphoneos;
				SWIFT_ACTIVE_COMPILATION_CONDITIONS = "DEBUG $(inherited)";
				SWIFT_OPTIMIZATION_LEVEL = "-Onone";
			};
			name = Debug;
		};
		DDE180CF2B2074FD00E019CB /* Release */ = {
			isa = XCBuildConfiguration;
			buildSettings = {
				ALWAYS_SEARCH_USER_PATHS = NO;
				ASSETCATALOG_COMPILER_GENERATE_SWIFT_ASSET_SYMBOL_EXTENSIONS = YES;
				CLANG_ANALYZER_NONNULL = YES;
				CLANG_ANALYZER_NUMBER_OBJECT_CONVERSION = YES_AGGRESSIVE;
				CLANG_CXX_LANGUAGE_STANDARD = "gnu++20";
				CLANG_ENABLE_MODULES = YES;
				CLANG_ENABLE_OBJC_ARC = YES;
				CLANG_ENABLE_OBJC_WEAK = YES;
				CLANG_WARN_BLOCK_CAPTURE_AUTORELEASING = YES;
				CLANG_WARN_BOOL_CONVERSION = YES;
				CLANG_WARN_COMMA = YES;
				CLANG_WARN_CONSTANT_CONVERSION = YES;
				CLANG_WARN_DEPRECATED_OBJC_IMPLEMENTATIONS = YES;
				CLANG_WARN_DIRECT_OBJC_ISA_USAGE = YES_ERROR;
				CLANG_WARN_DOCUMENTATION_COMMENTS = YES;
				CLANG_WARN_EMPTY_BODY = YES;
				CLANG_WARN_ENUM_CONVERSION = YES;
				CLANG_WARN_INFINITE_RECURSION = YES;
				CLANG_WARN_INT_CONVERSION = YES;
				CLANG_WARN_NON_LITERAL_NULL_CONVERSION = YES;
				CLANG_WARN_OBJC_IMPLICIT_RETAIN_SELF = YES;
				CLANG_WARN_OBJC_LITERAL_CONVERSION = YES;
				CLANG_WARN_OBJC_ROOT_CLASS = YES_ERROR;
				CLANG_WARN_QUOTED_INCLUDE_IN_FRAMEWORK_HEADER = YES;
				CLANG_WARN_RANGE_LOOP_ANALYSIS = YES;
				CLANG_WARN_STRICT_PROTOTYPES = YES;
				CLANG_WARN_SUSPICIOUS_MOVE = YES;
				CLANG_WARN_UNGUARDED_AVAILABILITY = YES_AGGRESSIVE;
				CLANG_WARN_UNREACHABLE_CODE = YES;
				CLANG_WARN__DUPLICATE_METHOD_MATCH = YES;
				COPY_PHASE_STRIP = NO;
				DEBUG_INFORMATION_FORMAT = "dwarf-with-dsym";
				ENABLE_NS_ASSERTIONS = NO;
				ENABLE_STRICT_OBJC_MSGSEND = YES;
				ENABLE_USER_SCRIPT_SANDBOXING = YES;
				GCC_C_LANGUAGE_STANDARD = gnu17;
				GCC_NO_COMMON_BLOCKS = YES;
				GCC_WARN_64_TO_32_BIT_CONVERSION = YES;
				GCC_WARN_ABOUT_RETURN_TYPE = YES_ERROR;
				GCC_WARN_UNDECLARED_SELECTOR = YES;
				GCC_WARN_UNINITIALIZED_AUTOS = YES_AGGRESSIVE;
				GCC_WARN_UNUSED_FUNCTION = YES;
				GCC_WARN_UNUSED_VARIABLE = YES;
				IPHONEOS_DEPLOYMENT_TARGET = 17.0;
				LOCALIZATION_PREFERS_STRING_CATALOGS = YES;
				MTL_ENABLE_DEBUG_INFO = NO;
				MTL_FAST_MATH = YES;
				SDKROOT = iphoneos;
				SWIFT_COMPILATION_MODE = wholemodule;
				VALIDATE_PRODUCT = YES;
			};
			name = Release;
		};
		DDE180D12B2074FD00E019CB /* Debug */ = {
			isa = XCBuildConfiguration;
			buildSettings = {
				ASSETCATALOG_COMPILER_APPICON_NAME = AppIcon;
				ASSETCATALOG_COMPILER_GLOBAL_ACCENT_COLOR_NAME = AccentColor;
				CODE_SIGN_STYLE = Automatic;
				CURRENT_PROJECT_VERSION = 1;
				DEVELOPMENT_ASSET_PATHS = "\"Instagram/Preview Content\"";
				DEVELOPMENT_TEAM = PD5C78B8LS;
				ENABLE_PREVIEWS = YES;
				GENERATE_INFOPLIST_FILE = YES;
				INFOPLIST_FILE = Instagram/Info.plist;
				INFOPLIST_KEY_UIApplicationSceneManifest_Generation = YES;
				INFOPLIST_KEY_UIApplicationSupportsIndirectInputEvents = YES;
				INFOPLIST_KEY_UILaunchScreen_Generation = YES;
				INFOPLIST_KEY_UISupportedInterfaceOrientations_iPad = "UIInterfaceOrientationPortrait UIInterfaceOrientationPortraitUpsideDown UIInterfaceOrientationLandscapeLeft UIInterfaceOrientationLandscapeRight";
				INFOPLIST_KEY_UISupportedInterfaceOrientations_iPhone = "UIInterfaceOrientationPortrait UIInterfaceOrientationLandscapeLeft UIInterfaceOrientationLandscapeRight";
				LD_RUNPATH_SEARCH_PATHS = (
					"$(inherited)",
					"@executable_path/Frameworks",
				);
				MARKETING_VERSION = 1.0;
				PRODUCT_BUNDLE_IDENTIFIER = com.iamblue.Instagram;
				PRODUCT_NAME = "$(TARGET_NAME)";
				SWIFT_EMIT_LOC_STRINGS = YES;
				SWIFT_VERSION = 5.0;
				TARGETED_DEVICE_FAMILY = "1,2";
			};
			name = Debug;
		};
		DDE180D22B2074FD00E019CB /* Release */ = {
			isa = XCBuildConfiguration;
			buildSettings = {
				ASSETCATALOG_COMPILER_APPICON_NAME = AppIcon;
				ASSETCATALOG_COMPILER_GLOBAL_ACCENT_COLOR_NAME = AccentColor;
				CODE_SIGN_STYLE = Automatic;
				CURRENT_PROJECT_VERSION = 1;
				DEVELOPMENT_ASSET_PATHS = "\"Instagram/Preview Content\"";
				DEVELOPMENT_TEAM = PD5C78B8LS;
				ENABLE_PREVIEWS = YES;
				GENERATE_INFOPLIST_FILE = YES;
				INFOPLIST_FILE = Instagram/Info.plist;
				INFOPLIST_KEY_UIApplicationSceneManifest_Generation = YES;
				INFOPLIST_KEY_UIApplicationSupportsIndirectInputEvents = YES;
				INFOPLIST_KEY_UILaunchScreen_Generation = YES;
				INFOPLIST_KEY_UISupportedInterfaceOrientations_iPad = "UIInterfaceOrientationPortrait UIInterfaceOrientationPortraitUpsideDown UIInterfaceOrientationLandscapeLeft UIInterfaceOrientationLandscapeRight";
				INFOPLIST_KEY_UISupportedInterfaceOrientations_iPhone = "UIInterfaceOrientationPortrait UIInterfaceOrientationLandscapeLeft UIInterfaceOrientationLandscapeRight";
				LD_RUNPATH_SEARCH_PATHS = (
					"$(inherited)",
					"@executable_path/Frameworks",
				);
				MARKETING_VERSION = 1.0;
				PRODUCT_BUNDLE_IDENTIFIER = com.iamblue.Instagram;
				PRODUCT_NAME = "$(TARGET_NAME)";
				SWIFT_EMIT_LOC_STRINGS = YES;
				SWIFT_VERSION = 5.0;
				TARGETED_DEVICE_FAMILY = "1,2";
			};
			name = Release;
		};
/* End XCBuildConfiguration section */

/* Begin XCConfigurationList section */
		DDE180BD2B2074FB00E019CB /* Build configuration list for PBXProject "Instagram" */ = {
			isa = XCConfigurationList;
			buildConfigurations = (
				DDE180CE2B2074FD00E019CB /* Debug */,
				DDE180CF2B2074FD00E019CB /* Release */,
			);
			defaultConfigurationIsVisible = 0;
			defaultConfigurationName = Release;
		};
		DDE180D02B2074FD00E019CB /* Build configuration list for PBXNativeTarget "Instagram" */ = {
			isa = XCConfigurationList;
			buildConfigurations = (
				DDE180D12B2074FD00E019CB /* Debug */,
				DDE180D22B2074FD00E019CB /* Release */,
			);
			defaultConfigurationIsVisible = 0;
			defaultConfigurationName = Release;
		};
/* End XCConfigurationList section */

/* Begin XCRemoteSwiftPackageReference section */
		DD5E233B2B47F98B001650CD /* XCRemoteSwiftPackageReference "Kingfisher" */ = {
			isa = XCRemoteSwiftPackageReference;
			repositoryURL = "https://github.com/onevcat/Kingfisher.git";
			requirement = {
				kind = upToNextMajorVersion;
				minimumVersion = 7.10.1;
			};
		};
		DDD1E1EA2B27EFA00047F456 /* XCRemoteSwiftPackageReference "firebase-ios-sdk" */ = {
			isa = XCRemoteSwiftPackageReference;
			repositoryURL = "https://github.com/firebase/firebase-ios-sdk";
			requirement = {
				kind = upToNextMajorVersion;
				minimumVersion = 10.19.0;
			};
		};
/* End XCRemoteSwiftPackageReference section */

/* Begin XCSwiftPackageProductDependency section */
		DD5E233C2B47F98B001650CD /* Kingfisher */ = {
			isa = XCSwiftPackageProductDependency;
			package = DD5E233B2B47F98B001650CD /* XCRemoteSwiftPackageReference "Kingfisher" */;
			productName = Kingfisher;
		};
		DDD1E1EB2B27EFA00047F456 /* FirebaseAnalytics */ = {
			isa = XCSwiftPackageProductDependency;
			package = DDD1E1EA2B27EFA00047F456 /* XCRemoteSwiftPackageReference "firebase-ios-sdk" */;
			productName = FirebaseAnalytics;
		};
		DDD1E1ED2B27EFA00047F456 /* FirebaseAnalyticsOnDeviceConversion */ = {
			isa = XCSwiftPackageProductDependency;
			package = DDD1E1EA2B27EFA00047F456 /* XCRemoteSwiftPackageReference "firebase-ios-sdk" */;
			productName = FirebaseAnalyticsOnDeviceConversion;
		};
		DDD1E1EF2B27EFA00047F456 /* FirebaseAnalyticsSwift */ = {
			isa = XCSwiftPackageProductDependency;
			package = DDD1E1EA2B27EFA00047F456 /* XCRemoteSwiftPackageReference "firebase-ios-sdk" */;
			productName = FirebaseAnalyticsSwift;
		};
		DDD1E1F12B27EFA00047F456 /* FirebaseAnalyticsWithoutAdIdSupport */ = {
			isa = XCSwiftPackageProductDependency;
			package = DDD1E1EA2B27EFA00047F456 /* XCRemoteSwiftPackageReference "firebase-ios-sdk" */;
			productName = FirebaseAnalyticsWithoutAdIdSupport;
		};
		DDD1E1F32B27EFA00047F456 /* FirebaseAppCheck */ = {
			isa = XCSwiftPackageProductDependency;
			package = DDD1E1EA2B27EFA00047F456 /* XCRemoteSwiftPackageReference "firebase-ios-sdk" */;
			productName = FirebaseAppCheck;
		};
		DDD1E1F52B27EFA00047F456 /* FirebaseAppDistribution-Beta */ = {
			isa = XCSwiftPackageProductDependency;
			package = DDD1E1EA2B27EFA00047F456 /* XCRemoteSwiftPackageReference "firebase-ios-sdk" */;
			productName = "FirebaseAppDistribution-Beta";
		};
		DDD1E1F72B27EFA00047F456 /* FirebaseAuth */ = {
			isa = XCSwiftPackageProductDependency;
			package = DDD1E1EA2B27EFA00047F456 /* XCRemoteSwiftPackageReference "firebase-ios-sdk" */;
			productName = FirebaseAuth;
		};
		DDD1E1F92B27EFA00047F456 /* FirebaseAuthCombine-Community */ = {
			isa = XCSwiftPackageProductDependency;
			package = DDD1E1EA2B27EFA00047F456 /* XCRemoteSwiftPackageReference "firebase-ios-sdk" */;
			productName = "FirebaseAuthCombine-Community";
		};
		DDD1E1FB2B27EFA00047F456 /* FirebaseCrashlytics */ = {
			isa = XCSwiftPackageProductDependency;
			package = DDD1E1EA2B27EFA00047F456 /* XCRemoteSwiftPackageReference "firebase-ios-sdk" */;
			productName = FirebaseCrashlytics;
		};
		DDD1E1FD2B27EFA00047F456 /* FirebaseDatabase */ = {
			isa = XCSwiftPackageProductDependency;
			package = DDD1E1EA2B27EFA00047F456 /* XCRemoteSwiftPackageReference "firebase-ios-sdk" */;
			productName = FirebaseDatabase;
		};
		DDD1E1FF2B27EFA00047F456 /* FirebaseDatabaseSwift */ = {
			isa = XCSwiftPackageProductDependency;
			package = DDD1E1EA2B27EFA00047F456 /* XCRemoteSwiftPackageReference "firebase-ios-sdk" */;
			productName = FirebaseDatabaseSwift;
		};
		DDD1E2012B27EFA00047F456 /* FirebaseDynamicLinks */ = {
			isa = XCSwiftPackageProductDependency;
			package = DDD1E1EA2B27EFA00047F456 /* XCRemoteSwiftPackageReference "firebase-ios-sdk" */;
			productName = FirebaseDynamicLinks;
		};
		DDD1E2032B27EFA00047F456 /* FirebaseFirestore */ = {
			isa = XCSwiftPackageProductDependency;
			package = DDD1E1EA2B27EFA00047F456 /* XCRemoteSwiftPackageReference "firebase-ios-sdk" */;
			productName = FirebaseFirestore;
		};
		DDD1E2052B27EFA00047F456 /* FirebaseFirestoreCombine-Community */ = {
			isa = XCSwiftPackageProductDependency;
			package = DDD1E1EA2B27EFA00047F456 /* XCRemoteSwiftPackageReference "firebase-ios-sdk" */;
			productName = "FirebaseFirestoreCombine-Community";
		};
		DDD1E2072B27EFA00047F456 /* FirebaseFirestoreSwift */ = {
			isa = XCSwiftPackageProductDependency;
			package = DDD1E1EA2B27EFA00047F456 /* XCRemoteSwiftPackageReference "firebase-ios-sdk" */;
			productName = FirebaseFirestoreSwift;
		};
		DDD1E2092B27EFA00047F456 /* FirebaseFunctions */ = {
			isa = XCSwiftPackageProductDependency;
			package = DDD1E1EA2B27EFA00047F456 /* XCRemoteSwiftPackageReference "firebase-ios-sdk" */;
			productName = FirebaseFunctions;
		};
		DDD1E20B2B27EFA00047F456 /* FirebaseFunctionsCombine-Community */ = {
			isa = XCSwiftPackageProductDependency;
			package = DDD1E1EA2B27EFA00047F456 /* XCRemoteSwiftPackageReference "firebase-ios-sdk" */;
			productName = "FirebaseFunctionsCombine-Community";
		};
		DDD1E20D2B27EFA00047F456 /* FirebaseInAppMessaging-Beta */ = {
			isa = XCSwiftPackageProductDependency;
			package = DDD1E1EA2B27EFA00047F456 /* XCRemoteSwiftPackageReference "firebase-ios-sdk" */;
			productName = "FirebaseInAppMessaging-Beta";
		};
		DDD1E20F2B27EFA00047F456 /* FirebaseInAppMessagingSwift-Beta */ = {
			isa = XCSwiftPackageProductDependency;
			package = DDD1E1EA2B27EFA00047F456 /* XCRemoteSwiftPackageReference "firebase-ios-sdk" */;
			productName = "FirebaseInAppMessagingSwift-Beta";
		};
		DDD1E2112B27EFA00047F456 /* FirebaseInstallations */ = {
			isa = XCSwiftPackageProductDependency;
			package = DDD1E1EA2B27EFA00047F456 /* XCRemoteSwiftPackageReference "firebase-ios-sdk" */;
			productName = FirebaseInstallations;
		};
		DDD1E2132B27EFA00047F456 /* FirebaseMLModelDownloader */ = {
			isa = XCSwiftPackageProductDependency;
			package = DDD1E1EA2B27EFA00047F456 /* XCRemoteSwiftPackageReference "firebase-ios-sdk" */;
			productName = FirebaseMLModelDownloader;
		};
		DDD1E2152B27EFA00047F456 /* FirebaseMessaging */ = {
			isa = XCSwiftPackageProductDependency;
			package = DDD1E1EA2B27EFA00047F456 /* XCRemoteSwiftPackageReference "firebase-ios-sdk" */;
			productName = FirebaseMessaging;
		};
		DDD1E2172B27EFA00047F456 /* FirebasePerformance */ = {
			isa = XCSwiftPackageProductDependency;
			package = DDD1E1EA2B27EFA00047F456 /* XCRemoteSwiftPackageReference "firebase-ios-sdk" */;
			productName = FirebasePerformance;
		};
		DDD1E2192B27EFA00047F456 /* FirebaseRemoteConfig */ = {
			isa = XCSwiftPackageProductDependency;
			package = DDD1E1EA2B27EFA00047F456 /* XCRemoteSwiftPackageReference "firebase-ios-sdk" */;
			productName = FirebaseRemoteConfig;
		};
		DDD1E21B2B27EFA00047F456 /* FirebaseRemoteConfigSwift */ = {
			isa = XCSwiftPackageProductDependency;
			package = DDD1E1EA2B27EFA00047F456 /* XCRemoteSwiftPackageReference "firebase-ios-sdk" */;
			productName = FirebaseRemoteConfigSwift;
		};
		DDD1E21D2B27EFA00047F456 /* FirebaseStorage */ = {
			isa = XCSwiftPackageProductDependency;
			package = DDD1E1EA2B27EFA00047F456 /* XCRemoteSwiftPackageReference "firebase-ios-sdk" */;
			productName = FirebaseStorage;
		};
		DDD1E21F2B27EFA00047F456 /* FirebaseStorageCombine-Community */ = {
			isa = XCSwiftPackageProductDependency;
			package = DDD1E1EA2B27EFA00047F456 /* XCRemoteSwiftPackageReference "firebase-ios-sdk" */;
			productName = "FirebaseStorageCombine-Community";
		};
/* End XCSwiftPackageProductDependency section */
	};
	rootObject = DDE180BA2B2074FB00E019CB /* Project object */;
}
